{
    "_meta": {
        "hash": {
            "sha256": "8330d9a27356d9e252265401020dae51ea547f1d17359d1dba7778cc4332e9fa"
        },
        "pipfile-spec": 6,
        "requires": {
            "python_full_version": "3.11.2",
            "python_version": "3.11"
        },
        "sources": [
            {
                "name": "pypi",
                "url": "https://pypi.org/simple",
                "verify_ssl": true
            }
        ]
    },
    "default": {
        "apscheduler": {
            "hashes": [
                "sha256:bbeb2ec02d23d3c06a6c07ed7f0f3939ada6680eb121fae809a69bb42c537a30",
                "sha256:cd2fcc9330039a81a5893472ad49facf23a6d5604cbe1d918c835c6de7834d5a"
            ],
            "markers": "python_version >= '3.8'",
            "version": "==3.11.3"
        },
        "astral": {
            "hashes": [
                "sha256:9b7c3b412e9e69d172cfb24be0e6addcc9f1bd01a28db8bebe66d75ccc533d88",
                "sha256:cb7b49a3f0d4c64ae666be131276d2a3226134c598db10e672028cf8ff855f83"
            ],
            "markers": "python_version >= '3.7' and python_version < '4.0'",
            "version": "==3.2"
        },
        "blinker": {
            "hashes": [
                "sha256:b4ce2265a7abece45e7cc896e98dbebe6cead56bcf805a3d23136d145f5445bf",
                "sha256:ba0efaa9080b619ff2f3459d1d500c57bddea4a6b424b60a91141db6fd2f08bc"
            ],
            "markers": "python_version >= '3.9'",
            "version": "==1.9.0"
        },
        "click": {
            "hashes": [
                "sha256:255bc9599cf7748b4b1a446ccc735421bd08a2ae529a8b88597d3de5664ee360",
                "sha256:ba0d2089de75ea0310e2dde03160e6ca10009947fb95a182f9b54021bb272e34"
            ],
            "markers": "python_version >= '3.10'",
            "version": "==8.5.0"
        },
        "flask": {
            "hashes": [
                "sha256:0ef0e52b8a9cd932855379197dd8f94047b359ca0a78695144304cb45f87c9eb",
                "sha256:f4bcbefc124291925f1a26446da31a5178f9483862233b23c0c96a20701f670c"
            ],
            "markers": "python_version >= '3.9'",
            "version": "==3.1.3"
        },
        "inotify-simple": {
            "hashes": [
                "sha256:e5da495f2064889f8e68b67f9358b0d102e03b783c2d42e5b8e132ab859a5d8a",
                "sha256:f010bbbd8283bd71a9f4eb2de94765804ede24bd47320b0e6ef4136e541cdc2c"
            ],
            "markers": "python_version >= '3.6'",
            "version": "==2.0.1"
        },
        "itsdangerous": {
            "hashes": [
                "sha256:c6242fc49e35958c8b15141343aa660db5fc54d4f13a1db01a3f5891b98700ef",
                "sha256:e0050c0b7da1eea53ffaf149c0cfbb5c6e2e2b69c4bef22c81fa6eb73e5f6173"
            ],
            "markers": "python_version >= '3.8'",
            "version": "==2.2.0"
        },
        "jinja2": {
            "hashes": [
                "sha256:0137fb05990d35f1275a587e9aee6d56da821fc83491a0fb838183be43f66d6d",
                "sha256:85ece4451f492d0c13c5dd7c13a64681a86afae63a5f347908daf103ce6d2f67"
            ],
            "markers": "python_version >= '3.7'",
            "version": "==3.1.6"
        },
        "markupsafe": {
            "hashes": [
                "sha256:0303439a41979d9e74d18ff5e2dd8c43ed6c6001fd40e5bf2e43f7bd9bbc523f",
                "sha256:068f375c472b3e7acbe2d5318dea141359e6900156b5b2ba06a30b169086b91a",
                "sha256:0bf2a864d67e76e5c9a34dc26ec616a66b9888e25e7b9460e1c76d3293bd9dbf",
                "sha256:0db14f5dafddbb6d9208827849fad01f1a2609380add406671a26386cdf15a19",
                "sha256:0eb9ff8191e8498cca014656ae6b8d61f39da5f95b488805da4bb029cccbfbaf",
                "sha256:0f4b68347f8c5eab4a13419215bdfd7f8c9b19f2b25520968adfad23eb0ce60c",
                "sha256:1085e7fbddd3be5f89cc898938f42c0b3c711fdcb37d75221de2666af647c175",
                "sha256:116bb52f642a37c115f517494ea5feb03889e04df47eeff5b130b1808ce7c219",
                "sha256:12c63dfb4a98206f045aa9563db46507995f7ef6d83b2f68eda65c307c6829eb",
                "sha256:133a43e73a802c5562be9bbcd03d090aa5a1fe899db609c29e8c8d815c5f6de6",
                "sha256:1353ef0c1b138e1907ae78e2f6c63ff67501122006b0f9abad68fda5f4ffc6ab",
                "sha256:15d939a21d546304880945ca1ecb8a039db6b4dc49b2c5a400387cdae6a62e26",
                "sha256:177b5253b2834fe3678cb4a5f0059808258584c559193998be2601324fdeafb1",
                "sha256:1872df69a4de6aead3491198eaf13810b565bdbeec3ae2dc8780f14458ec73ce",
                "sha256:1b4b79e8ebf6b55351f0d91fe80f893b4743f104bff22e90697db1590e47a218",
                "sha256:1b52b4fb9df4eb9ae465f8d0c228a00624de2334f216f178a995ccdcf82c4634",
                "sha256:1ba88449deb3de88bd40044603fafffb7bc2b055d626a330323a9ed736661695",
                "sha256:1cc7ea17a6824959616c525620e387f6dd30fec8cb44f649e31712db02123dad",
                "sha256:218551f6df4868a8d527e3062d0fb968682fe92054e89978594c28e642c43a73",
                "sha256:26a5784ded40c9e318cfc2bdb30fe164bdb8665ded9cd64d500a34fb42067b1c",
                "sha256:2713baf880df847f2bece4230d4d094280f4e67b1e813eec43b4c0e144a34ffe",
                "sha256:2a15a08b17dd94c53a1da0438822d70ebcd13f8c3a95abe3a9ef9f11a94830aa",
                "sha256:2f981d352f04553a7171b8e44369f2af4055f888dfb147d55e42d29e29e74559",
                "sha256:32001d6a8fc98c8cb5c947787c5d08b0a50663d139f1305bac5885d98d9b40fa",
                "sha256:3524b778fe5cfb3452a09d31e7b5adefeea8c5be1d43c4f810ba09f2ceb29d37",
                "sha256:3537e01efc9d4dccdf77221fb1cb3b8e1a38d5428920e0657ce299b20324d758",
                "sha256:35add3b638a5d900e807944a078b51922212fb3dedb01633a8defc4b01a3c85f",
                "sha256:38664109c14ffc9e7437e86b4dceb442b0096dfe3541d7864d9cbe1da4cf36c8",
                "sha256:3a7e8ae81ae39e62a41ec302f972ba6ae23a5c5396c8e60113e9066ef893da0d",
                "sha256:3b562dd9e9ea93f13d53989d23a7e775fdfd1066c33494ff43f5418bc8c58a5c",
                "sha256:457a69a9577064c05a97c41f4e65148652db078a3a509039e64d3467b9e7ef97",
                "sha256:4bd4cd07944443f5a265608cc6aab442e4f74dff8088b0dfc8238647b8f6ae9a",
                "sha256:4e885a3d1efa2eadc93c894a21770e4bc67899e3543680313b09f139e149ab19",
                "sha256:4faffd047e07c38848ce017e8725090413cd80cbc23d86e55c587bf979e579c9",
                "sha256:509fa21c6deb7a7a273d629cf5ec029bc209d1a51178615ddf718f5918992ab9",
                "sha256:5678211cb9333a6468fb8d8be0305520aa073f50d17f089b5b4b477ea6e67fdc",
                "sha256:591ae9f2a647529ca990bc681daebdd52c8791ff06c2bfa05b65163e28102ef2",
                "sha256:5a7d5dc5140555cf21a6fefbdbf8723f06fcd2f63ef108f2854de715e4422cb4",
                "sha256:69c0b73548bc525c8cb9a251cddf1931d1db4d2258e9599c28c07ef3580ef354",
                "sha256:6b5420a1d9450023228968e7e6a9ce57f65d148ab56d2313fcd589eee96a7a50",
                "sha256:722695808f4b6457b320fdc131280796bdceb04ab50fe1795cd540799ebe1698",
                "sha256:729586769a26dbceff69f7a7dbbf59ab6572b99d94576a5592625d5b411576b9",
                "sha256:77f0643abe7495da77fb436f50f8dab76dbc6e5fd25d39589a0f1fe6548bfa2b",
                "sha256:795e7751525cae078558e679d646ae45574b47ed6e7771863fcc079a6171a0fc",
                "sha256:7be7b61bb172e1ed687f1754f8e7484f1c8019780f6f6b0786e76bb01c2ae115",
                "sha256:7c3fb7d25180895632e5d3148dbdc29ea38ccb7fd210aa27acbd1201a1902c6e",
                "sha256:7e68f88e5b8799aa49c85cd116c932a1ac15caaa3f5db09087854d218359e485",
                "sha256:83891d0e9fb81a825d9a6d61e3f07550ca70a076484292a70fde82c4b807286f",
                "sha256:8485f406a96febb5140bfeca44a73e3ce5116b2501ac54fe953e488fb1d03b12",
                "sha256:8709b08f4a89aa7586de0aadc8da56180242ee0ada3999749b183aa23df95025",
                "sha256:8f71bc33915be5186016f675cd83a1e08523649b0e33efdb898db577ef5bb009",
                "sha256:915c04ba3851909ce68ccc2b8e2cd691618c4dc4c4232fb7982bca3f41fd8c3d",
                "sha256:949b8d66bc381ee8b007cd945914c721d9aba8e27f71959d750a46f7c282b20b",
                "sha256:94c6f0bb423f739146aec64595853541634bde58b2135f27f61c1ffd1cd4d16a",
                "sha256:9a1abfdc021a164803f4d485104931fb8f8c1efd55bc6b748d2f5774e78b62c5",
                "sha256:9b79b7a16f7fedff2495d684f2b59b0457c3b493778c9eed31111be64d58279f",
                "sha256:a320721ab5a1aba0a233739394eb907f8c8da5c98c9181d1161e77a0c8e36f2d",
                "sha256:a4afe79fb3de0b7097d81da19090f4df4f8d3a2b3adaa8764138aac2e44f3af1",
                "sha256:ad2cf8aa28b8c020ab2fc8287b0f823d0a7d8630784c31e9ee5edea20f406287",
                "sha256:b8512a91625c9b3da6f127803b166b629725e68af71f8184ae7e7d54686a56d6",
                "sha256:bc51efed119bc9cfdf792cdeaa4d67e8f6fcccab66ed4bfdd6bde3e59bfcbb2f",
                "sha256:bdc919ead48f234740ad807933cdf545180bfbe9342c2bb451556db2ed958581",
                "sha256:bdd37121970bfd8be76c5fb069c7751683bdf373db1ed6c010162b2a130248ed",
                "sha256:be8813b57049a7dc738189df53d69395eba14fb99345e0a5994914a3864c8a4b",
                "sha256:c0c0b3ade1c0b13b936d7970b1d37a57acde9199dc2aecc4c336773e1d86049c",
                "sha256:c47a551199eb8eb2121d4f0f15ae0f923d31350ab9280078d1e5f12b249e0026",
                "sha256:c4ffb7ebf07cfe8931028e3e4c85f0357459a3f9f9490886198848f4fa002ec8",
                "sha256:ccfcd093f13f0f0b7fdd0f198b90053bf7b2f02a3927a30e63f3ccc9df56b676",
                "sha256:d2ee202e79d8ed691ceebae8e0486bd9a2cd4794cec4824e1c99b6f5009502f6",
                "sha256:d53197da72cc091b024dd97249dfc7794d6a56530370992a5e1a08983ad9230e",
                "sha256:d6dd0be5b5b189d31db7cda48b91d7e0a9795f31430b7f271219ab30f1d3ac9d",
                "sha256:d88b440e37a16e651bda4c7c2b930eb586fd15ca7406cb39e211fcff3bf3017d",
                "sha256:de8a88e63464af587c950061a5e6a67d3632e36df62b986892331d4620a35c01",
                "sha256:df2449253ef108a379b8b5d6b43f4b1a8e81a061d6537becd5582fba5f9196d7",
                "sha256:e1c1493fb6e50ab01d20a22826e57520f1284df32f2d8601fdd90b6304601419",
                "sha256:e1cf1972137e83c5d4c136c43ced9ac51d0e124706ee1c8aa8532c1287fa8795",
                "sha256:e2103a929dfa2fcaf9bb4e7c091983a49c9ac3b19c9061b6d5427dd7d14d81a1",
                "sha256:e56b7d45a839a697b5eb268c82a71bd8c7f6c94d6fd50c3d577fa39a9f1409f5",
                "sha256:e8afc3f2ccfa24215f8cb28dcf43f0113ac3c37c2f0f0806d8c70e4228c5cf4d",
                "sha256:e8fc20152abba6b83724d7ff268c249fa196d8259ff481f3b1476383f8f24e42",
                "sha256:eaa9599de571d72e2daf60164784109f19978b327a3910d3e9de8c97b5b70cfe",
                "sha256:ec15a59cf5af7be74194f7ab02d0f59a62bdcf1a537677ce67a2537c9b87fcda",
                "sha256:f190daf01f13c72eac4efd5c430a8de82489d9cff23c364c3ea822545032993e",
                "sha256:f34c41761022dd093b4b6896d4810782ffbabe30f2d443ff5f083e0cbbb8c737",
                "sha256:f3e98bb3798ead92273dc0e5fd0f31ade220f59a266ffd8a4f6065e0a3ce0523",
                "sha256:f42d0984e947b8adf7dd6dde396e720934d12c506ce84eea8476409563607591",
                "sha256:f71a396b3bf33ecaa1626c255855702aca4d3d9fea5e051b41ac59a9c1c41edc",
                "sha256:f9e130248f4462aaa8e2552d547f36ddadbeaa573879158d721bbd33dfe4743a",
                "sha256:fed51ac40f757d41b7c48425901843666a6677e3e8eb0abcff09e4ba6e664f50"
            ],
            "markers": "python_version >= '3.9'",
            "version": "==3.0.3"
        },
        "paho-mqtt": {
            "hashes": [
                "sha256:12d6e7511d4137555a3f6ea167ae846af2c7357b10bc6fa4f7c3968fc1723834",
                "sha256:6db9ba9b34ed5bc6b6e3812718c7e06e2fd7444540df2455d2c51bd58808feee"
            ],
            "markers": "python_version >= '3.7'",
            "version": "==2.1.0"
        },
        "systemd-python": {
            "hashes": [
                "sha256:4e57f39797fd5d9e2d22b8806a252d7c0106c936039d1e71c8c6b8008e695c0a"
            ],
            "version": "==235"
        },
        "tzlocal": {
            "hashes": [
                "sha256:8dbb8660838688a7b6ba4fed31d18dedf842afb4d47ca050d6d891c2c15f3be4",
                "sha256:aae09f0126a8a86fa736be266eb4a471380d26a0de3bc14844e7821fee3e2a15"
            ],
            "markers": "python_version >= '3.10'",
            "version": "==5.4.4"
        },
        "werkzeug": {
            "hashes": [
                "sha256:63a77fb8892bf28ebc3178683445222aa500e48ebad5ec77b0ad80f8726b1f50",
                "sha256:9bad61a4268dac112f1c5cd4630a56ede601b6ed420300677a869083d70a4c44"
            ],
            "markers": "python_version >= '3.9'",
            "version": "==3.1.8"
        },
        "zzmw-lib": {
            "editable": true,
            "extras": [
                "geo",
                "z2m"
            ],
            "path": "."
        }
    },
    "develop": {
        "astroid": {
            "hashes": [
                "sha256:52f39653876c7dec3e3afd4c2696920e05c83832b9737afc21928f2d2eb7a753",
                "sha256:986fed8bcf79fb82c78b18a53352a0b287a73817d6dbcfba3162da36667c49a0"
            ],
            "markers": "python_full_version >= '3.10.0'",
            "version": "==4.0.4"
        },
        "coverage": {
            "extras": [
                "toml"
            ],
            "hashes": [
                "sha256:070acb9da788dff743a4d36fc015feee12d68f0349959017542017c79f59c21c",
                "sha256:0c309096926b119543dc16438a11ef4c80783d2f4e59ff94f7f462651a944cdc",
                "sha256:0d0ececb32090e3fbb03e0d352b973a0485879b4de6c58daf47227b9988b99e5",
                "sha256:166adae25b05b04c9a84135912066d9c97482115af38df1a419a38aacc6b6f5d",
                "sha256:19a3ea2f364012ef06678118fffdc92442a16bef4a5c8ad4f4019dd8f9ac8876",
                "sha256:1b24f79e25bcf6c73931aeca7a3dfc7595c0cb5e9364aba3fdf387a3de4b1c22",
                "sha256:1ec9a4ee989c0d06ad95add0dbfdbb72b00ef53f43431ca0b612384e7878e5de",
                "sha256:2270a794600b635ca9452ce4c32e2fe81a35f9caa17ffac0eba99f14f275bd4d",
                "sha256:2959978f9d1d20a2c0c15d0a68baaeccf615ac1aa214cf4a05a10d6f568926c8",
                "sha256:29c4d3e32a3b5efa420a3dc627c7e570deb80ef997def52c7686a474f5edc7ab",
                "sha256:2b26b55b18e1a53e1a159dd743728c4ddbbef28ba19000a91aaff5ce023197ec",
                "sha256:2b8256f8b525ba233d2e4cdcdce0d6673c66fc9bf70df1fd5e67c54a74e2d245",
                "sha256:2c05913d0d5badf7ac83200f35dcf9514cce5df16a7cc89e7d1d7fff0461813b",
                "sha256:3284754371dc78592aa3ae4d661d30ee20e02b2b6b0de3590a181a936d0d3b38",
                "sha256:33300f2e140ccf26af3d8152e62bff71993f9310cfc63ba7a20940b0d246a0ae",
                "sha256:3397b9032553d281ad6a9253b12675b65e0cc8cd7a3b0633cf48872c9eb13360",
                "sha256:34bafe9f4094315248573e6223e11af0ec1b25f9cbca43bf0e9a26a189ba2751",
                "sha256:35cbc81f937fc402971df45c897d2df2bfb2014efcd990360032aa0a651635da",
                "sha256:38a7e16f061504ac2b45370bf5bf97e8250d8d3f25e37385bae884978166554b",
                "sha256:3acd1d78397dead78dd1b011b5fc19cc823c190349acd549e63856dff649c80e",
                "sha256:3d0a3681c12d3e0bcdea3d9414b04087828d6c1a482802d6f7f42c37ed530152",
                "sha256:3d73bb1f85c4150ac208fb0755beb04b2e44897bad81414de9380f98dd74729f",
                "sha256:3d8bd4e58b6a5c2018d808f297905393c6c61da466a48c3f0596a76a4900ebe4",
                "sha256:3db3978211c3cead5437a80136ca0556bab8bc7828de15a762884b0598c41361",
                "sha256:3df82f0a3cef4e1bcfc799436056f0b978dda319d0bfd4460c6e479b2802d98a",
                "sha256:3f3b4469d3da3ecced775d1a8c9c5d9fc80f259e30b7b89f9fed0700d6035ecb",
                "sha256:3f73ee3956fde2d461c9e2955dd48166e4821fc8587d135e8780fb84da2a098b",
                "sha256:4027bf6d7bc0a16df058ce913b69f10c5687f8e1ca668f08caa659ce101744bf",
                "sha256:4184e78a4465dcda359fb403172b8951dd220929cb0984c02fabca1742fff06f",
                "sha256:46a88f51770df7c9bc376bd57d3f86cdc7624b8e16ac4b585a655c22b7a1b4db",
                "sha256:46cd3a73e9140410de62cceb66214bce0e08fb3922b9176fbfc1522fec151b41",
                "sha256:48a78a66fcce49d7f6156524bf979c0ac633d584199717c68c6ffa949fc14e6a",
                "sha256:49c39c7068a494f8eb427155f5682f44feee43f9b3107fd54b1e52465379c54b",
                "sha256:4b0359eb4c62f9993e176bc8f50450fc736a6b90dbcc05bb8584e948812699ae",
                "sha256:4f12a9e27ca7b65e40a8475d27899b2d45064d9020e6a89148939e01987b5853",
                "sha256:4f48b345f831eaf4402ab6333c2dc3e2e2b5bc7b9c1b8fe12680dee3f0538f01",
                "sha256:528a61be40977c340cf201d23b69bd6a6bab507da60e9dbda85f8b30e935d70d",
                "sha256:531d9be377fdcc05593b974656872eb82e808ebeb42a72515e3aaeb8bb7166f5",
                "sha256:550a2a1faf7559f13d5344f12d1eb886ad87955155d7dfab2a3fe5c8ec8fe776",
                "sha256:5539304fdbb2cc144df684d35a33b81145334d23e1c2367b5a923d25107f70b2",
                "sha256:5597180ed7670cc94c04c65347418a467d3a43d5f0cf52fcac647f5425f42037",
                "sha256:55eb268e5b81aefac759766c9162625b06c1bedb7b77d936225bafc4f038a6f6",
                "sha256:64a2a5985d81810ed605ff0dc4ccd6555efcb5700353825532a9a0aea65826e1",
                "sha256:65a8fc80898c9ce59f04349fe8b4849b1f9787f14e52ead990e5f849ff4727a0",
                "sha256:6618f481053b63fc6121faf8fc676bd9b7163c2a19d9e984a2e850002c28ab57",
                "sha256:66d70132b69b861805dc1ca46cdd733e54c416890e8f1371d2fd103f70b59c9c",
                "sha256:681a9488c5a234397c4f013da065aa9e53eb7af4c78f1f80c6f15e7208acb855",
                "sha256:684c7ee9b4c04358fe6ac8b517ab51ec35fcd79d08ff0f105dd8bcd96885bbb7",
                "sha256:6b3fd0f3435ebb7a7183b32a6062a8b755f08242ced1f3f22761d30b56b3c2a5",
                "sha256:6dd8dda3402a01a1a8fe8b753a282466f615128574a5590a9108acd07b1f8540",
                "sha256:6fc735d6fe6d57f803e7ba021be4dde48e43e6aff94e6954350555d5332b0594",
                "sha256:715dcb72c3280c428c3a20134b87e42c29acec9669136e899ab2de69ca86218d",
                "sha256:72e013665e25cf9d44779f01f340af26319756f9a76822b7c94ce6b1d93813da",
                "sha256:73a32694603a34ad01d7e51a481a4023410d8099e1d0757e067945695c10f0ae",
                "sha256:7562f8067ed9360e8b9739e5703403a7686dd1b36bf0f89fc538047c54cdea90",
                "sha256:756ba2d96d073c5a2a55d67fa22784763710fadbe22c41adde2d9cfa4dd78a8c",
                "sha256:7580432cbe1e8b762660ae5806f04f869e1c02e519836a43f8094437e561e9f0",
                "sha256:76491917771f179f9772efe218c5ccc65950dbdb35f4439298d8a8dfc6ec1f72",
                "sha256:77890395cf37026a5907d3ad32376aa51f41c0f163b7477fdbd4f94966cc1d08",
                "sha256:79afa9726438912e5cddd1fe541815cea9763c92935f594835e4c432565b68a9",
                "sha256:7af03247d598a353bbbbe1b925deb735276e4d845e7197c4073dc89352b236fa",
                "sha256:7e5727b2508f817f3126d6c33327dda32fe69d15514badfcd61db8bc4209ecef",
                "sha256:802d1246c540e07486d4ee1adfa19a797e4b33529ffc371dc140644e8f27da0a",
                "sha256:83362b64e215ef00b0ba33fcf13655ace6c9fdd144d5ad2ab59ac86c2daf166e",
                "sha256:8643baeb590726c558b2faed6cd59b0917480f9367fcc692026f1a86d824fd08",
                "sha256:8bb09a2d19b04db1fa0e087a7ca4f12458f7e0e7364cfcd838441d86fb1c61f6",
                "sha256:8ee71a38c54bb2676bbe762b8b0943a79ccb1c2fd6a52054f66e63eda392f8c1",
                "sha256:8f590d46c30d9e4c1fda3efefe5443f4c2f6a4192c5ca2ba403653e9ebadf097",
                "sha256:8fae08e85b334ac6ac886002b5041396a31bcf805225bbe19847627203da99e2",
                "sha256:946f58aa59b08bcd6afcc6a7bd0ff54ed5eee844f32ad69fe6814836d15856a2",
                "sha256:961fc424e9d5229a99f8f1189942d8e7f4e1519147c3af64842f944aca03914d",
                "sha256:996c2b891b441ec2b39725ee3e8386e2f11b4894b92be225fdfd54a3eeada2c8",
                "sha256:99bf9ea435cefcefd220f8687c3ddbbf78dc2de0bd11b57c3ae9fbbdf8d5561a",
                "sha256:9d8c54ec32e5c102b9241f75d88ae26538b53662868ca491736611db448d9c7a",
                "sha256:a125fac1f6b1e88488d208a86b578e1790e3c4937f2e1568d23356141d236220",
                "sha256:a337dc2d54c74430cd2febb8ee04f7c508ba8b3b412bf0463f077a66cfc73743",
                "sha256:a4eff405b545dfcf79cf0d9d3ff750e5c5a887aa066114175193a81d249c5ee6",
                "sha256:a6410b75fe07d5271eaa95fc24bd0a9177ed588d9d1c10c0cf67829adb8f0567",
                "sha256:a9647a0ac46255b8fef59a433a2161f03e5483f3a35e1cbd9dfe4600baff0c6b",
                "sha256:b0944dc3bee3091039bf970d73caaf930c906013128a421bdc132e797494d941",
                "sha256:b10095528b866d322d33d6bf1709b7f8cbf959f12e8cb2ba22fc59c8717866b0",
                "sha256:b44308854ef210b9b78df9cdfd4e159513382a859f5ef8464306d14a54c2a040",
                "sha256:b7d4d7e6dcaf33e85f1919f03346403bdcc27437c420a78835f3805bca0ab71f",
                "sha256:b7f2c26ce6ce0b1e0ca0d5fae96ea510e3a2e78b7207f06e76b7f2c87fa3d0af",
                "sha256:b89d22a89d5bc05dd95b64e08295b8394aa96dc88e08f8ba210c9ebfebbe0489",
                "sha256:bb462d59146656e278d1e8ed913ce374d0ba68a4e081acde1867f6d3377fc881",
                "sha256:bc5354a124799f1f87b7637bbe6f18cd4bc66a1f37f6aa2b5db40f9adad531dc",
                "sha256:bc53c3f3adaa939b7a063533ffe0ae1259e7073393c618043a99a6970a87e3df",
                "sha256:c08ae35c1be2fe1ce4b4c628df5c6fc0dc9a87f8e5fe8e20238d249678984741",
                "sha256:c389c6f9d1d518e1249ddcb8a7f158135644ce2c508fa6cc17b680777dad5bf2",
                "sha256:c510dad19552d912058e4c3e3cbec3fb155dbe8d0ce0ceb7e7dbf5c5822bae0b",
                "sha256:cb05c0ff98b56ba6969adf35556bc43bcb8d094df8bc9cb403acff53460c4e07",
                "sha256:cc0b37fe6f5ce5f1ccc62ad4fa9b1ad201d8e9b6027fd5e0170877beee4b2d15",
                "sha256:cdc57746c7ac0ea063351b4d651c3bb4dd4fd35e64dbb8e90c10e14eb03c4080",
                "sha256:cf047bc39fde5425be2628666d0f435ed8817859111c3aacc84b32d858069f5d",
                "sha256:d06dcc420b570bf683cdb647cc8fe62b672d9e429ef711c3cbbb7a6880ca1572",
                "sha256:d0f02c633630e2b74522108ee95a84ad6e1204a8016a6cca5297f335ea27147e",
                "sha256:d1039cb2de093225d597109342ce1675626bd127565e80b3044f4eca07c15b2e",
                "sha256:d1ba5142d68dd2cb775cbd0ac8601819298152047803c8efe4eec6d7d7aa7878",
                "sha256:d4ec944947de098ad5a1738413f9364689a57067ecbc328e9de37218aa1e5cc1",
                "sha256:d57cc400275b9a2892e905fc893f732b21ddb95271bf96406c88e2f6367848b5",
                "sha256:d7db888dd0a1df1a653cae7f99d4047430d2187a3626eda51bc847b0fd6b9b43",
                "sha256:da506e669a8a851b59e122b4b219ea70996a6296f44f3a9348a852526ff961de",
                "sha256:dac8b84c03e6029d272b8249c77018db83de59ca009a9adef7c144b4a62ee5e6",
                "sha256:db651a9cf325a542bc2b7b8cc8f1b2bdc6492739bae3103731b2f1c85b96cff6",
                "sha256:dccc142614d3419ed71857deb43f1d757829a4c7fce9994464b71e7e38309827",
                "sha256:e306e98186b9cd109121f3583aeb7978797ad21d948f22944c5c08845cd554d0",
                "sha256:e366587b370bc9b8b51b7b7272c610c56db5d5b4795b9e4a29d28ff2f440f809",
                "sha256:e5eb1762e7eb5fad34ef913e8107c7788a66f19d328e598ce95bf7217f9e5c8f",
                "sha256:e82e10b9d290f60b63459cfb245a841aec347603997206296b93881463a93dcf",
                "sha256:ed5ade1bb18f62edace1bd198c66f9d4c75a8385d5fd24e87d917ea1a5958773",
                "sha256:ee1d5fc9e3bd6a217906929cc97880239a91d20dae7746f538eb0eefee705ab1",
                "sha256:ee5465db6e9152a7d09f3215309326878c6aa3ac509195a369f9d264ff4bfbd9",
                "sha256:f0ba3892d81aacf36996c52f16bca04e39af31a6c5de930b7688ab617f4a6475",
                "sha256:f2066c447fdd0bca39a9633a082d8ce67bf9a539a203b85059a364a405dc9fe9",
                "sha256:f4aa0b0a6f81fa3deb211e643f6954e78b4376b62b9c218271236cfa757664e8",
                "sha256:f83981779bcf9dfa06fa0a8d4cb43e0faec1706328ce07aa3e7b665b4ac0f210",
                "sha256:fa02d561eb1d8d2f8ba43ba6e3cef4c6c402a3b632a9460fa329fcadcd5df6a3",
                "sha256:fbbe8265736659a6be2e6042b6a35be13545d14b243cc1d7ecf65f90d788a370",
                "sha256:fd8ac10cd2458b3c6343aac082fb9bd0e3fa806cb2c4975f2280153474b88412",
                "sha256:fdb2f528b50953e29d22033b3256c396a700193c6e45b2490222ef9c333cbbf9"
            ],
            "markers": "python_version >= '3.10'",
            "version": "==7.16.1"
        },
        "dill": {
            "hashes": [
                "sha256:1e1ce33e978ae97fcfcff5638477032b801c46c7c65cf717f95fbc2248f79a9d",
                "sha256:423092df4182177d4d8ba8290c8a5b640c66ab35ec7da59ccfa00f6fa3eea5fa"
            ],
            "markers": "python_version >= '3.11'",
            "version": "==0.4.1"
        },
        "iniconfig": {
            "hashes": [
                "sha256:c76315c77db068650d49c5b56314774a7804df16fee4402c1f19d6d15d8c4730",
                "sha256:f631c04d2c48c52b84d0d0549c99ff3859c98df65b3101406327ecc7d53fbf12"
            ],
            "markers": "python_version >= '3.10'",
            "version": "==2.3.0"
        },
        "isort": {
            "hashes": [
                "sha256:182918b730772292d33564a6ac5b201ca2bb79a8ad2ac77e7681ecc0f19a8f84",
                "sha256:1878b5165b0db434c0c62373a81a111e1afffb373f20e57bd2020ebdbaa36808",
                "sha256:1b8d6c836fb83232f5f4c1c037d332caf743bb24dca63167bad9174ae13e150e",
                "sha256:2057236a764f31c78dac78f7343057621fcc2fd40461ce61061f34fd09066f46",
                "sha256:23d3b6657763f9be1b15bb9664b016abfce34849d6215a46a42af7945d4acd68",
                "sha256:2f41e40246742970db0227a2afb2d7da872bddd888826cf182c0916993fadb43",
                "sha256:2fb33e0c0f9f87821acf6d82c83f0a0c7e54680fdf3fe4131409d2b95901f00a",
                "sha256:3727eb33a9759649346481cf2a9287d656a170c31ed7c105856f9c6f5b539756",
                "sha256:466b0c3f156a21c10edefba697e641666bc26ffb0122bf08b42caa3d464c20aa",
                "sha256:5022b332ac91ccb39dc28bb206d5ae96ae7f8d45e710b072cb039b2fcda6602a",
                "sha256:5832683294dd61c59d00cd043a68d42f6ecd7dc7d04b73ac777f7f90a534d6ae",
                "sha256:5aac7263b7a7f9f647f94fb6df2761ff5b60a7168eb492ff39dd30443207fa19",
                "sha256:5e72a7063570f1d740f0284c7ae5739dc34c6a2d9f1049b13027a5bdadb56682",
                "sha256:67680927f739d4b48d67d8b7430faa92c95b02fb6075ca0351c6446214f6c7bb",
                "sha256:7281cdf538f682b8d75fa44bcdad1b299036bbc440855f7d61412b3b85d5727d",
                "sha256:771d5b7385292a0b2106229b792b8750954bbaf231e0475b1f53f1dd43e00936",
                "sha256:77f4b984ab3badbbf2363c849b92465e0f69e8fc54d1a932c87532a559269397",
                "sha256:7a75d4c21d8b93345a2743b96cc75c6f085aa89ddbaadd6edd5e9765be12ab77",
                "sha256:7ea5f505b152fedd2b990b39d8b76108a48b355da874025aad4982e8ceeb0f3d",
                "sha256:825c05d2d63a1b9c608c352503c10b6411a3c6e12bcacc97b306774ee379786f",
                "sha256:873cf1b6371d41e2a74d57d7c0176d311822f0415441abf8251ad074c9fe4a66",
                "sha256:89ebbcdbdd9d66cc14909bbac36acb9db29f37325606113c9f270242f8a1f896",
                "sha256:8f490acc182253d07071cc8255b57a281855e2e027b929a89eaa7c797f7b213e",
                "sha256:930879e4cfab3264f1d7346abeec10726b5382dc4be9f4251c25ec7fa057926b",
                "sha256:98d48ad47f705ac7f046cfaab0a11320ed0b903243ccb850347229414a364d28",
                "sha256:99b7bc28b1f05f7e3267629043a99c6c479a750df3689327a10324e396827f94",
                "sha256:9dd4664ad009552bc4c9f464bd31190d0f04132412ee4d9392145fdf58d92127",
                "sha256:ba23db109e3e93ef1999f7209a651214994cd807801addd16ac485982eb4edd7",
                "sha256:c08b2989a16a46e97af652266ee8af617eb5b1bfa3195cc921cc0dc66b485d10",
                "sha256:c2525606f62742fc4ed9f8ca89043b9522ac3e6f9c9892e6cb16f4870d937f38",
                "sha256:c3ce022ccedf63aa5fc77bd0e926b8561a1476c9709d7cedf63abd7967772aac",
                "sha256:cc9814ce2ee42c17007d822455e4db55e32e589808ecfc2665d51c848d0bb30a",
                "sha256:cdf765657edb2bcccbb1b20d26e710acbcb27379c0a407c6cb376e5619059a7b",
                "sha256:e3a2697ebcb54b51af4833de44447dbf31ddf081c5f163772092d21c0267483b",
                "sha256:f6877ed17054eae153d686270678b11c1f6cb79433a1c07453140cccbaf7cc1d",
                "sha256:fb7d55156a1f766a2b097165524f07be61ececa41a71ca33d24a00777f79a829",
                "sha256:fd326823ddbe338357ba1823b7f96481d4421d54c83ebd43c92f1b51314a24ae"
            ],
            "markers": "python_full_version >= '3.10.0'",
            "version": "==9.0.1"
        },
        "mccabe": {
            "hashes": [
                "sha256:348e0240c33b60bbdf4e523192ef919f28cb2c3d7d5c7794f74009290f236325",
                "sha256:6c2d30ab6be0e4a46919781807b4f0d834ebdd6c6e3dca0bda5a15f863427b6e"
            ],
            "markers": "python_version >= '3.6'",
            "version": "==0.7.0"
        },
        "mypy-extensions": {
            "hashes": [
                "sha256:1be4cccdb0f2482337c4743e60421de3a356cd97508abadd57d47403e94f5505",
                "sha256:52e68efc3284861e772bbcd66823fde5ae21fd2fdb51c62a211403730b916558"
            ],
            "markers": "python_version >= '3.8'",
            "version": "==1.1.0"
        },
        "packaging": {
            "hashes": [
                "sha256:94edc256424af38762eb31306eed28beb9f0efc50a8837492c9d6fd6004aed79",
                "sha256:d7193f7c8e4e93f444fde0262bf90af30e16fa0ad0ad44cb553c87339b23cd1c"
            ],
            "markers": "python_version >= '3.9'",
            "version": "==26.3"
        },
        "platformdirs": {
            "hashes": [
                "sha256:b1ba966ac76153d9985a0787ffab951e7c18416189873d4e4ddb2c8a04a0a254",
                "sha256:e8dc1cb58f1153fd7f61db1374317770baababec2480b37b8f01c6cc25b45267"
            ],
            "markers": "python_version >= '3.10'",
            "version": "==4.11.12"
        },
        "pluggy": {
            "hashes": [
                "sha256:7dcc130b76258d33b90f61b658791dede3486c3e6bfb003ee5c9bfb396dd22f3",
                "sha256:e920276dd6813095e9377c0bc5566d94c932c33b27a3e3945d8389c374dd4746"
            ],
            "markers": "python_version >= '3.9'",
            "version": "==1.6.0"
        },
        "pygments": {
            "hashes": [
                "sha256:2363c69b61c4a97c838da3b130dcd6468f4848992b21a82f2a63ec34377137d9",
                "sha256:610ca751c9bc2492b38eb9a38a7fbc93edbbb2d7182edaf34e66ae493dee5c8c"
            ],
            "markers": "python_version >= '3.9'",
            "version": "==2.21.0"
        },
        "pylint": {
            "hashes": [
                "sha256:6f1305780229ae720e89b8aff2b3ff857cbb268fbab98c8b586960267667ad34",
                "sha256:c4ba5bbaf1e70ecf05f08cd7d6091ea04824b79a2b2d9f5b10dc25fc34cb1124"
            ],
            "index": "pypi",
            "version": "==4.0.9"
        },
        "pytest": {
            "hashes": [
                "sha256:1088fbde8f2b49d95a549a195707afa7a76a3ce9bcadc26b6d71f0ffda5fe313",
                "sha256:37a86b45efb9a47a61a36449063e8e18d0cab3161329fc099eb21783169c4f0c"
            ],
            "index": "pypi",
            "version": "==9.1.1"
        },
        "pytest-cov": {
            "hashes": [
                "sha256:30674f2b5f6351aa09702a9c8c364f6a01c27aae0c1366ae8016160d1efc56b2",
                "sha256:a0461110b7865f9a271aa1b51e516c9a95de9d696734a2f71e3e78f46e1d4678"
            ],
            "index": "pypi",
            "version": "==7.1.0"
        },
        "tomlkit": {
            "hashes": [
                "sha256:177a05aece5a8ca5266fd3c448abb47b8d352f09d477d3ca8332db4d89b24304",
                "sha256:e25bbf38843005246210a12982776f27f99cb9be67160e14434d0c0d21ee1e97"
            ],
            "markers": "python_version >= '3.9'",
            "version": "==0.15.1"
        }
    }
}
